<?xml version="1.0" encoding="utf-8"?>
<Project ToolsVersion="4.0" xmlns="http://schemas.microsoft.com/developer/msbuild/2003">
  <ItemGroup>
    <ClCompile Include="main.cpp">
      <Filter>Source Files</Filter>
    </ClCompile>
    <ClCompile Include="NPC.cpp">
      <Filter>Source Files\game\npc</Filter>
    </ClCompile>
    <ClCompile Include="NPCSoldier.cpp">
      <Filter>Source Files\game\npc</Filter>
    </ClCompile>
    <ClCompile Include="NPCBasicCollision.cpp">
      <Filter>Source Files\game\npc</Filter>
    </ClCompile>
    <ClCompile Include="NPCHandler.cpp">
      <Filter>Source Files\game\npc</Filter>
    </ClCompile>
    <ClCompile Include="NPCSMG.cpp">
      <Filter>Source Files\game\npc</Filter>
    </ClCompile>
    <ClCompile Include="UIValueSlider.cpp">
      <Filter>Source Files\ui</Filter>
    </ClCompile>
    <ClCompile Include="UIBox.cpp">
      <Filter>Source Files\ui</Filter>
    </ClCompile>
    <ClCompile Include="UIButton.cpp">
      <Filter>Source Files\ui</Filter>
    </ClCompile>
    <ClCompile Include="UICheckbox.cpp">
      <Filter>Source Files\ui</Filter>
    </ClCompile>
    <ClCompile Include="UIComboBox.cpp">
      <Filter>Source Files\ui</Filter>
    </ClCompile>
    <ClCompile Include="UICreditsBox.cpp">
      <Filter>Source Files\ui</Filter>
    </ClCompile>
    <ClCompile Include="UIEquipBox.cpp">
      <Filter>Source Files\ui</Filter>
    </ClCompile>
    <ClCompile Include="UILabel.cpp">
      <Filter>Source Files\ui</Filter>
    </ClCompile>
    <ClCompile Include="UIObject.cpp">
      <Filter>Source Files\ui</Filter>
    </ClCompile>
    <ClCompile Include="UIScrollbar.cpp">
      <Filter>Source Files\ui</Filter>
    </ClCompile>
    <ClCompile Include="UIStoreItemBox.cpp">
      <Filter>Source Files\ui</Filter>
    </ClCompile>
    <ClCompile Include="UITerminal.cpp">
      <Filter>Source Files\ui</Filter>
    </ClCompile>
    <ClCompile Include="UITransitionObject.cpp">
      <Filter>Source Files\ui</Filter>
    </ClCompile>
    <ClCompile Include="UIScreen.cpp">
      <Filter>Source Files\ui\screen</Filter>
    </ClCompile>
    <ClCompile Include="FileHelper.cpp">
      <Filter>Source Files\io</Filter>
    </ClCompile>
    <ClCompile Include="KeyHandler.cpp">
      <Filter>Source Files\io</Filter>
    </ClCompile>
    <ClCompile Include="MouseHandler.cpp">
      <Filter>Source Files\io</Filter>
    </ClCompile>
    <ClCompile Include="SaveData.cpp">
      <Filter>Source Files\io</Filter>
    </ClCompile>
    <ClCompile Include="Settings.cpp">
      <Filter>Source Files\io</Filter>
    </ClCompile>
    <ClCompile Include="Camera2D.cpp">
      <Filter>Source Files\gfx</Filter>
    </ClCompile>
    <ClCompile Include="GameAtlas.cpp">
      <Filter>Source Files\gfx</Filter>
    </ClCompile>
    <ClCompile Include="GLColors.cpp">
      <Filter>Source Files\gfx</Filter>
    </ClCompile>
    <ClCompile Include="GLHandler.cpp">
      <Filter>Source Files\gfx</Filter>
    </ClCompile>
    <ClCompile Include="PlayerAtlas.cpp">
      <Filter>Source Files\gfx</Filter>
    </ClCompile>
    <ClCompile Include="TextRender.cpp">
      <Filter>Source Files\gfx</Filter>
    </ClCompile>
    <ClCompile Include="TextureAtlas.cpp">
      <Filter>Source Files\gfx</Filter>
    </ClCompile>
    <ClCompile Include="VertCordGenerator.cpp">
      <Filter>Source Files\gfx</Filter>
    </ClCompile>
    <ClCompile Include="UIAtlas.cpp">
      <Filter>Source Files\gfx</Filter>
    </ClCompile>
    <ClCompile Include="Collision.cpp">
      <Filter>Source Files\phys</Filter>
    </ClCompile>
    <ClCompile Include="Point.cpp">
      <Filter>Source Files\phys</Filter>
    </ClCompile>
    <ClCompile Include="Rec.cpp">
      <Filter>Source Files\phys</Filter>
    </ClCompile>
    <ClCompile Include="Ground.cpp">
      <Filter>Source Files\game</Filter>
    </ClCompile>
    <ClCompile Include="Handlers.cpp">
      <Filter>Source Files\game</Filter>
    </ClCompile>
    <ClCompile Include="Level.cpp">
      <Filter>Source Files\game</Filter>
    </ClCompile>
    <ClCompile Include="LevelEditor.cpp">
      <Filter>Source Files\game</Filter>
    </ClCompile>
    <ClCompile Include="LevelProperties.cpp">
      <Filter>Source Files\game</Filter>
    </ClCompile>
    <ClCompile Include="Player.cpp">
      <Filter>Source Files\game</Filter>
    </ClCompile>
    <ClCompile Include="Sky.cpp">
      <Filter>Source Files\game</Filter>
    </ClCompile>
    <ClCompile Include="UFO.cpp">
      <Filter>Source Files\game</Filter>
    </ClCompile>
    <ClCompile Include="Cube.cpp">
      <Filter>Source Files\geom</Filter>
    </ClCompile>
    <ClCompile Include="AtlasSprite.cpp">
      <Filter>Source Files\geom</Filter>
    </ClCompile>
    <ClCompile Include="Sprite.cpp">
      <Filter>Source Files\geom</Filter>
    </ClCompile>
    <ClCompile Include="CreditsScreen.cpp">
      <Filter>Source Files\ui\screen</Filter>
    </ClCompile>
    <ClCompile Include="EquipScreen.cpp">
      <Filter>Source Files\ui\screen</Filter>
    </ClCompile>
    <ClCompile Include="FreePlayScreen.cpp">
      <Filter>Source Files\ui\screen</Filter>
    </ClCompile>
    <ClCompile Include="GameScreen.cpp">
      <Filter>Source Files\ui\screen</Filter>
    </ClCompile>
    <ClCompile Include="IntroLoadScreen.cpp">
      <Filter>Source Files\ui\screen</Filter>
    </ClCompile>
    <ClCompile Include="LevelSelectScreen.cpp">
      <Filter>Source Files\ui\screen</Filter>
    </ClCompile>
    <ClCompile Include="Crate.cpp">
      <Filter>Source Files\game\scenery</Filter>
    </ClCompile>
    <ClCompile Include="Fence.cpp">
      <Filter>Source Files\game\scenery</Filter>
    </ClCompile>
    <ClCompile Include="HayBale.cpp">
      <Filter>Source Files\game\scenery</Filter>
    </ClCompile>
    <ClCompile Include="LongCrate.cpp">
      <Filter>Source Files\game\scenery</Filter>
    </ClCompile>
    <ClCompile Include="SceneryHandler.cpp">
      <Filter>Source Files\game\scenery</Filter>
    </ClCompile>
    <ClCompile Include="SceneryObject.cpp">
      <Filter>Source Files\game\scenery</Filter>
    </ClCompile>
    <ClCompile Include="Sign.cpp">
      <Filter>Source Files\game\scenery</Filter>
    </ClCompile>
    <ClCompile Include="TallCrate.cpp">
      <Filter>Source Files\game\scenery</Filter>
    </ClCompile>
    <ClCompile Include="Tree.cpp">
      <Filter>Source Files\game\scenery</Filter>
    </ClCompile>
    <ClCompile Include="BeamProjectile.cpp">
      <Filter>Source Files\game\proj</Filter>
    </ClCompile>
    <ClCompile Include="BulletProjectile.cpp">
      <Filter>Source Files\game\proj</Filter>
    </ClCompile>
    <ClCompile Include="MissileProjectile.cpp">
      <Filter>Source Files\game\proj</Filter>
    </ClCompile>
    <ClCompile Include="NSMOProjectile.cpp">
      <Filter>Source Files\game\proj</Filter>
    </ClCompile>
    <ClCompile Include="ProjectileHandler.cpp">
      <Filter>Source Files\game\proj</Filter>
    </ClCompile>
    <ClCompile Include="Projectile.cpp">
      <Filter>Source Files\game\proj</Filter>
    </ClCompile>
    <ClCompile Include="MainScreen.cpp">
      <Filter>Source Files\ui\screen</Filter>
    </ClCompile>
    <ClCompile Include="PauseScreen.cpp">
      <Filter>Source Files\ui\screen</Filter>
    </ClCompile>
    <ClCompile Include="SettingsScreen.cpp">
      <Filter>Source Files\ui\screen</Filter>
    </ClCompile>
    <ClCompile Include="StoreScreen.cpp">
      <Filter>Source Files\ui\screen</Filter>
    </ClCompile>
    <ClCompile Include="StoreItem.cpp">
      <Filter>Source Files\ui</Filter>
    </ClCompile>
    <ClCompile Include="StoreItems.cpp">
      <Filter>Source Files\ui</Filter>
    </ClCompile>
    <ClCompile Include="PlayerLaserGun.cpp">
      <Filter>Source Files\game\weap</Filter>
    </ClCompile>
    <ClCompile Include="PlayerShotgun.cpp">
      <Filter>Source Files\game\weap</Filter>
    </ClCompile>
    <ClCompile Include="PlayerSMG.cpp">
      <Filter>Source Files\game\weap</Filter>
    </ClCompile>
    <ClCompile Include="ProjectileTemplate.cpp">
      <Filter>Source Files\game\weap</Filter>
    </ClCompile>
    <ClCompile Include="Weapon.cpp">
      <Filter>Source Files\game\weap</Filter>
    </ClCompile>
  </ItemGroup>
  <ItemGroup>
    <ClInclude Include="main.h">
      <Filter>Header Files</Filter>
    </ClInclude>
    <ClInclude Include="NPC.h">
      <Filter>Header Files\game\npc</Filter>
    </ClInclude>
    <ClInclude Include="NPCSoldier.h">
      <Filter>Header Files\game\npc</Filter>
    </ClInclude>
    <ClInclude Include="NPCBasicCollision.h">
      <Filter>Header Files\game\npc</Filter>
    </ClInclude>
    <ClInclude Include="NPCHandler.h">
      <Filter>Header Files\game\npc</Filter>
    </ClInclude>
    <ClInclude Include="NPCSMG.h">
      <Filter>Header Files\game\npc</Filter>
    </ClInclude>
    <ClInclude Include="UIValueSlider.h">
      <Filter>Header Files\ui</Filter>
    </ClInclude>
    <ClInclude Include="UIBox.h">
      <Filter>Header Files\ui</Filter>
    </ClInclude>
    <ClInclude Include="UIButton.h">
      <Filter>Header Files\ui</Filter>
    </ClInclude>
    <ClInclude Include="UICheckbox.h">
      <Filter>Header Files\ui</Filter>
    </ClInclude>
    <ClInclude Include="UIComboBox.h">
      <Filter>Header Files\ui</Filter>
    </ClInclude>
    <ClInclude Include="UICreditsBox.h">
      <Filter>Header Files\ui</Filter>
    </ClInclude>
    <ClInclude Include="UIEquipBox.h">
      <Filter>Header Files\ui</Filter>
    </ClInclude>
    <ClInclude Include="UILabel.h">
      <Filter>Header Files\ui</Filter>
    </ClInclude>
    <ClInclude Include="UIObject.h">
      <Filter>Header Files\ui</Filter>
    </ClInclude>
    <ClInclude Include="UIScrollbar.h">
      <Filter>Header Files\ui</Filter>
    </ClInclude>
    <ClInclude Include="UIStoreItemBox.h">
      <Filter>Header Files\ui</Filter>
    </ClInclude>
    <ClInclude Include="UITerminal.h">
      <Filter>Header Files\ui</Filter>
    </ClInclude>
    <ClInclude Include="UITransitionObject.h">
      <Filter>Header Files\ui</Filter>
    </ClInclude>
    <ClInclude Include="UIScreen.h">
      <Filter>Header Files\ui\screen</Filter>
    </ClInclude>
    <ClInclude Include="FileHelper.h">
      <Filter>Header Files\io</Filter>
    </ClInclude>
    <ClInclude Include="KeyHandler.h">
      <Filter>Header Files\io</Filter>
    </ClInclude>
    <ClInclude Include="MouseHandler.h">
      <Filter>Header Files\io</Filter>
    </ClInclude>
    <ClInclude Include="Settings.h">
      <Filter>Header Files\io</Filter>
    </ClInclude>
    <ClInclude Include="SaveData.h">
      <Filter>Header Files\io</Filter>
    </ClInclude>
    <ClInclude Include="AtlasSprite.h">
      <Filter>Header Files\geom</Filter>
    </ClInclude>
    <ClInclude Include="Cube.h">
      <Filter>Header Files\geom</Filter>
    </ClInclude>
    <ClInclude Include="Sprite.h">
      <Filter>Header Files\geom</Filter>
    </ClInclude>
    <ClInclude Include="Camera2D.h">
      <Filter>Header Files\gfx</Filter>
    </ClInclude>
    <ClInclude Include="GameAtlas.h">
      <Filter>Header Files\gfx</Filter>
    </ClInclude>
    <ClInclude Include="GLColors.h">
      <Filter>Header Files\gfx</Filter>
    </ClInclude>
    <ClInclude Include="GLHandler.h">
      <Filter>Header Files\gfx</Filter>
    </ClInclude>
    <ClInclude Include="PlayerAtlas.h">
      <Filter>Header Files\gfx</Filter>
    </ClInclude>
    <ClInclude Include="TextRender.h">
      <Filter>Header Files\gfx</Filter>
    </ClInclude>
    <ClInclude Include="TextureAtlas.h">
      <Filter>Header Files\gfx</Filter>
    </ClInclude>
    <ClInclude Include="UIAtlas.h">
      <Filter>Header Files\gfx</Filter>
    </ClInclude>
    <ClInclude Include="VertCordGenerator.h">
      <Filter>Header Files\gfx</Filter>
    </ClInclude>
    <ClInclude Include="Collision.h">
      <Filter>Header Files\phys</Filter>
    </ClInclude>
    <ClInclude Include="Point.h">
      <Filter>Header Files\phys</Filter>
    </ClInclude>
    <ClInclude Include="Rec.h">
      <Filter>Header Files\phys</Filter>
    </ClInclude>
    <ClInclude Include="Ground.h">
      <Filter>Header Files\game</Filter>
    </ClInclude>
    <ClInclude Include="Handlers.h">
      <Filter>Header Files\game</Filter>
    </ClInclude>
    <ClInclude Include="Level.h">
      <Filter>Header Files\game</Filter>
    </ClInclude>
    <ClInclude Include="LevelEditor.h">
      <Filter>Header Files\game</Filter>
    </ClInclude>
    <ClInclude Include="LevelProperties.h">
      <Filter>Header Files\game</Filter>
    </ClInclude>
    <ClInclude Include="Player.h">
      <Filter>Header Files\game</Filter>
    </ClInclude>
    <ClInclude Include="Sky.h">
      <Filter>Header Files\game</Filter>
    </ClInclude>
    <ClInclude Include="UFO.h">
      <Filter>Header Files\game</Filter>
    </ClInclude>
    <ClInclude Include="CreditsScreen.h">
      <Filter>Header Files\ui\screen</Filter>
    </ClInclude>
    <ClInclude Include="EquipScreen.h">
      <Filter>Header Files\ui\screen</Filter>
    </ClInclude>
    <ClInclude Include="FreePlayScreen.h">
      <Filter>Header Files\ui\screen</Filter>
    </ClInclude>
    <ClInclude Include="GameScreen.h">
      <Filter>Header Files\ui\screen</Filter>
    </ClInclude>
    <ClInclude Include="IntroLoadScreen.h">
      <Filter>Header Files\ui\screen</Filter>
    </ClInclude>
    <ClInclude Include="LevelSelectScreen.h">
      <Filter>Header Files\ui\screen</Filter>
    </ClInclude>
    <ClInclude Include="Crate.h">
      <Filter>Header Files\game\scenery</Filter>
    </ClInclude>
    <ClInclude Include="Fence.h">
      <Filter>Header Files\game\scenery</Filter>
    </ClInclude>
    <ClInclude Include="HayBale.h">
      <Filter>Header Files\game\scenery</Filter>
    </ClInclude>
    <ClInclude Include="LongCrate.h">
      <Filter>Header Files\game\scenery</Filter>
    </ClInclude>
    <ClInclude Include="SceneryHandler.h">
      <Filter>Header Files\game\scenery</Filter>
    </ClInclude>
    <ClInclude Include="SceneryObject.h">
      <Filter>Header Files\game\scenery</Filter>
    </ClInclude>
    <ClInclude Include="Sign.h">
      <Filter>Header Files\game\scenery</Filter>
    </ClInclude>
    <ClInclude Include="TallCrate.h">
      <Filter>Header Files\game\scenery</Filter>
    </ClInclude>
    <ClInclude Include="Tree.h">
      <Filter>Header Files\game\scenery</Filter>
    </ClInclude>
    <ClInclude Include="BeamProjectile.h">
      <Filter>Header Files\game\proj</Filter>
    </ClInclude>
    <ClInclude Include="BulletProjectile.h">
      <Filter>Header Files\game\proj</Filter>
    </ClInclude>
    <ClInclude Include="MissileProjectile.h">
      <Filter>Header Files\game\proj</Filter>
    </ClInclude>
    <ClInclude Include="NSMOProjectile.h">
      <Filter>Header Files\game\proj</Filter>
    </ClInclude>
    <ClInclude Include="Projectile.h">
      <Filter>Header Files\game\proj</Filter>
    </ClInclude>
    <ClInclude Include="ProjectileHandler.h">
      <Filter>Header Files\game\proj</Filter>
    </ClInclude>
    <ClInclude Include="StoreScreen.h">
      <Filter>Header Files\ui\screen</Filter>
    </ClInclude>
    <ClInclude Include="SettingsScreen.h">
      <Filter>Header Files\ui\screen</Filter>
    </ClInclude>
    <ClInclude Include="PauseScreen.h">
      <Filter>Header Files\ui\screen</Filter>
    </ClInclude>
    <ClInclude Include="MainScreen.h">
      <Filter>Header Files\ui\screen</Filter>
    </ClInclude>
    <ClInclude Include="StoreItem.h">
      <Filter>Header Files\ui</Filter>
    </ClInclude>
    <ClInclude Include="StoreItems.h">
      <Filter>Header Files\ui</Filter>
    </ClInclude>
    <ClInclude Include="PlayerLaserGun.h">
      <Filter>Header Files\game\weap</Filter>
    </ClInclude>
    <ClInclude Include="PlayerShotgun.h">
      <Filter>Header Files\game\weap</Filter>
    </ClInclude>
    <ClInclude Include="Weapon.h">
      <Filter>Header Files\game\weap</Filter>
    </ClInclude>
    <ClInclude Include="ProjectileTemplate.h">
      <Filter>Header Files\game\weap</Filter>
    </ClInclude>
    <ClInclude Include="PlayerSMG.h">
      <Filter>Header Files\game\weap</Filter>
    </ClInclude>
  </ItemGroup>
  <ItemGroup>
    <Filter Include="Header Files">
      <UniqueIdentifier>{b1ae0fb6-b63b-4f4a-9f73-dc970250d069}</UniqueIdentifier>
    </Filter>
    <Filter Include="Resource Files">
      <UniqueIdentifier>{e55ec00f-e277-4be2-985a-30f48d63d5e0}</UniqueIdentifier>
    </Filter>
    <Filter Include="Source Files">
      <UniqueIdentifier>{8079dea5-1349-4e12-aa61-061694f85604}</UniqueIdentifier>
    </Filter>
    <Filter Include="Header Files\game">
      <UniqueIdentifier>{bbac05d4-25a1-4329-8da8-825ac07cafc8}</UniqueIdentifier>
    </Filter>
    <Filter Include="Source Files\game">
      <UniqueIdentifier>{0b40022a-a177-48c8-ac2c-e874e021ce2b}</UniqueIdentifier>
    </Filter>
    <Filter Include="Header Files\game\npc">
      <UniqueIdentifier>{cf1bde43-1f6b-4cb2-ac8e-4ab9244c8e32}</UniqueIdentifier>
    </Filter>
    <Filter Include="Header Files\game\proj">
      <UniqueIdentifier>{6b27fd57-4c20-49e7-a334-5f328e40e2ad}</UniqueIdentifier>
    </Filter>
    <Filter Include="Header Files\game\scenery">
      <UniqueIdentifier>{c48a30e6-1186-40d3-b0d6-2f1c12908494}</UniqueIdentifier>
    </Filter>
    <Filter Include="Header Files\game\weap">
      <UniqueIdentifier>{c6d5449b-af2a-4d01-83f0-3e8dfa0f2119}</UniqueIdentifier>
    </Filter>
    <Filter Include="Source Files\game\npc">
      <UniqueIdentifier>{12b519af-f4bf-44dc-ba92-17e0e556faa3}</UniqueIdentifier>
    </Filter>
    <Filter Include="Source Files\game\proj">
      <UniqueIdentifier>{351af128-f765-4ad2-8548-c333440807ef}</UniqueIdentifier>
    </Filter>
    <Filter Include="Source Files\game\weap">
      <UniqueIdentifier>{5ea15d1d-e390-4f50-b7d2-3a2054b2acfe}</UniqueIdentifier>
    </Filter>
    <Filter Include="Header Files\geom">
      <UniqueIdentifier>{281bf847-f0e8-4dde-8fb7-3672f2a971bc}</UniqueIdentifier>
    </Filter>
    <Filter Include="Header Files\io">
      <UniqueIdentifier>{f3f40375-2d6d-4e05-9e92-030527afa725}</UniqueIdentifier>
    </Filter>
    <Filter Include="Header Files\ui">
      <UniqueIdentifier>{647da71a-f6b3-4f06-b038-19f65bd057e9}</UniqueIdentifier>
    </Filter>
    <Filter Include="Source Files\geom">
      <UniqueIdentifier>{85177daa-0402-4d75-b575-2151e71dca28}</UniqueIdentifier>
    </Filter>
    <Filter Include="Source Files\gfx">
      <UniqueIdentifier>{308ec013-244a-4a68-8868-30d1f52d1351}</UniqueIdentifier>
    </Filter>
    <Filter Include="Source Files\phys">
      <UniqueIdentifier>{9cfeaf39-3f54-4f36-a5e7-b7dcdc4b11cc}</UniqueIdentifier>
    </Filter>
    <Filter Include="Source Files\ui">
      <UniqueIdentifier>{ef669d94-d089-4419-8429-d39a4ebd65c5}</UniqueIdentifier>
    </Filter>
    <Filter Include="Header Files\ui\screen">
      <UniqueIdentifier>{a456ea8d-ac2f-4602-8498-b74cda06cdf7}</UniqueIdentifier>
    </Filter>
    <Filter Include="Source Files\ui\screen">
      <UniqueIdentifier>{fa7fe49e-2348-4934-a74d-61032fb90274}</UniqueIdentifier>
    </Filter>
    <Filter Include="Source Files\io">
      <UniqueIdentifier>{17667ebd-e7ae-4736-8bcf-48ee95d51219}</UniqueIdentifier>
    </Filter>
    <Filter Include="Header Files\gfx">
      <UniqueIdentifier>{86fd1670-5c68-4da9-948f-bff74a3bfe4f}</UniqueIdentifier>
    </Filter>
    <Filter Include="Header Files\phys">
      <UniqueIdentifier>{ff9a2d0c-0cd1-4733-b7c6-9c064cfb6035}</UniqueIdentifier>
    </Filter>
    <Filter Include="Source Files\game\scenery">
      <UniqueIdentifier>{2ed9bd5e-6814-4070-bae0-d07dc091c969}</UniqueIdentifier>
    </Filter>
  </ItemGroup>
</Project>